
Microsoft Visual Studio Solution File, Format Version 12.00
# Visual Studio Version 17
VisualStudioVersion = 17.12.35527.113 d17.12
MinimumVisualStudioVersion = 10.0.40219.1
Project("{FAE04EC0-301F-11D3-BF4B-00C04F79EFBC}") = "GoogleTranslate", "GoogleTranslate\GoogleTranslate.csproj", "{24487CB2-0CE4-4C8C-A102-7DEE26A15739}"
EndProject
Project("{FAE04EC0-301F-11D3-BF4B-00C04F79EFBC}") = "BLL", "BLL\BLL.csproj", "{BF4180B4-D203-4307-8A43-4BFB6FC1C92B}"
EndProject
Project("{FAE04EC0-301F-11D3-BF4B-00C04F79EFBC}") = "DAL", "DAL\DAL.csproj", "{04E735AC-D463-4E9B-AF0D-0A75DB42018E}"
EndProject
Global
	GlobalSection(SolutionConfigurationPlatforms) = preSolution
		Debug|Any CPU = Debug|Any CPU
		Release|Any CPU = Release|Any CPU
	EndGlobalSection
	GlobalSection(ProjectConfigurationPlatforms) = postSolution
		{24487CB2-0CE4-4C8C-A102-7DEE26A15739}.Debug|Any CPU.ActiveCfg = Debug|Any CPU
		{24487CB2-0CE4-4C8C-A102-7DEE26A15739}.Debug|Any CPU.Build.0 = Debug|Any CPU
		{24487CB2-0CE4-4C8C-A102-7DEE26A15739}.Release|Any CPU.ActiveCfg = Release|Any CPU
		{24487CB2-0CE4-4C8C-A102-7DEE26A15739}.Release|Any CPU.Build.0 = Release|Any CPU
		{BF4180B4-D203-4307-8A43-4BFB6FC1C92B}.Debug|Any CPU.ActiveCfg = Debug|Any CPU
		{BF4180B4-D203-4307-8A43-4BFB6FC1C92B}.Debug|Any CPU.Build.0 = Debug|Any CPU
		{BF4180B4-D203-4307-8A43-4BFB6FC1C92B}.Release|Any CPU.ActiveCfg = Release|Any CPU
		{BF4180B4-D203-4307-8A43-4BFB6FC1C92B}.Release|Any CPU.Build.0 = Release|Any CPU
		{04E735AC-D463-4E9B-AF0D-0A75DB42018E}.Debug|Any CPU.ActiveCfg = Debug|Any CPU
		{04E735AC-D463-4E9B-AF0D-0A75DB42018E}.Debug|Any CPU.Build.0 = Debug|Any CPU
		{04E735AC-D463-4E9B-AF0D-0A75DB42018E}.Release|Any CPU.ActiveCfg = Release|Any CPU
		{04E735AC-D463-4E9B-AF0D-0A75DB42018E}.Release|Any CPU.Build.0 = Release|Any CPU
	EndGlobalSection
	GlobalSection(SolutionProperties) = preSolution
		HideSolutionNode = FALSE
	EndGlobalSection
EndGlobal
